
Microsoft Visual Studio Solution File, Format Version 12.00
# Visual Studio Version 16
VisualStudioVersion = 16.0.30717.126
MinimumVisualStudioVersion = 10.0.40219.1
Project("{FAE04EC0-301F-11D3-BF4B-00C04F79EFBC}") = "AsyncOptions", "AsyncOptions\AsyncOptions.csproj", "{A7D92691-FAFF-40ED-A66D-D1F83A51702B}"
EndProject
Project("{FAE04EC0-301F-11D3-BF4B-00C04F79EFBC}") = "AsyncOptions.Example", "AsyncOptions.Example\AsyncOptions.Example.csproj", "{E8C2591C-20F6-49BA-A149-F9F1668FE2B0}"
EndProject
Global
	GlobalSection(SolutionConfigurationPlatforms) = preSolution
		Debug|Any CPU = Debug|Any CPU
		Release|Any CPU = Release|Any CPU
	EndGlobalSection
	GlobalSection(ProjectConfigurationPlatforms) = postSolution
		{A7D92691-FAFF-40ED-A66D-D1F83A51702B}.Debug|Any CPU.ActiveCfg = Debug|Any CPU
		{A7D92691-FAFF-40ED-A66D-D1F83A51702B}.Debug|Any CPU.Build.0 = Debug|Any CPU
		{A7D92691-FAFF-40ED-A66D-D1F83A51702B}.Release|Any CPU.ActiveCfg = Release|Any CPU
		{A7D92691-FAFF-40ED-A66D-D1F83A51702B}.Release|Any CPU.Build.0 = Release|Any CPU
		{E8C2591C-20F6-49BA-A149-F9F1668FE2B0}.Debug|Any CPU.ActiveCfg = Debug|Any CPU
		{E8C2591C-20F6-49BA-A149-F9F1668FE2B0}.Debug|Any CPU.Build.0 = Debug|Any CPU
		{E8C2591C-20F6-49BA-A149-F9F1668FE2B0}.Release|Any CPU.ActiveCfg = Release|Any CPU
		{E8C2591C-20F6-49BA-A149-F9F1668FE2B0}.Release|Any CPU.Build.0 = Release|Any CPU
	EndGlobalSection
	GlobalSection(SolutionProperties) = preSolution
		HideSolutionNode = FALSE
	EndGlobalSection
	GlobalSection(ExtensibilityGlobals) = postSolution
		SolutionGuid = {D404E6D6-5505-4A55-A4C5-62ECA1C1304F}
	EndGlobalSection
EndGlobal
